
Microsoft Visual Studio Solution File, Format Version 12.00
# Visual Studio Version 16
VisualStudioVersion = 16.0.30413.136
MinimumVisualStudioVersion = 10.0.40219.1
Project("{FAE04EC0-301F-11D3-BF4B-00C04F79EFBC}") = "Benchmark", "Benchmark\Benchmark.csproj", "{7ED72E04-CA4B-4A74-9C08-679B62A24C22}"
EndProject
Global
	GlobalSection(SolutionConfigurationPlatforms) = preSolution
		Debug|Any CPU = Debug|Any CPU
		Release|Any CPU = Release|Any CPU
	EndGlobalSection
	GlobalSection(ProjectConfigurationPlatforms) = postSolution
		{7ED72E04-CA4B-4A74-9C08-679B62A24C22}.Debug|Any CPU.ActiveCfg = Debug|Any CPU
		{7ED72E04-CA4B-4A74-9C08-679B62A24C22}.Debug|Any CPU.Build.0 = Debug|Any CPU
		{7ED72E04-CA4B-4A74-9C08-679B62A24C22}.Release|Any CPU.ActiveCfg = Release|Any CPU
		{7ED72E04-CA4B-4A74-9C08-679B62A24C22}.Release|Any CPU.Build.0 = Release|Any CPU
	EndGlobalSection
	GlobalSection(SolutionProperties) = preSolution
		HideSolutionNode = FALSE
	EndGlobalSection
	GlobalSection(ExtensibilityGlobals) = postSolution
		SolutionGuid = {E2D34AB9-ACC7-4BA6-978F-8C44F8572A57}
	EndGlobalSection
EndGlobal
